
Microsoft Visual Studio Solution File, Format Version 12.00
# Visual Studio 2013
VisualStudioVersion = 12.0.30501.0
MinimumVisualStudioVersion = 10.0.40219.1
Project("{FAE04EC0-301F-11D3-BF4B-00C04F79EFBC}") = "Zargess.VHKPlayer.ConsoleView", "Zargess.VHKPlayer.ConsoleView\Zargess.VHKPlayer.ConsoleView.csproj", "{7BF50C4C-42A2-417B-B091-AC7FD0FA7ADD}"
EndProject
Project("{FAE04EC0-301F-11D3-BF4B-00C04F79EFBC}") = "Zargess.VHKPlayer.FileManagement", "Zargess.VHKPlayer.FileManagement\Zargess.VHKPlayer.FileManagement.csproj", "{1862BF4F-C9AE-489C-AD9E-D3DC6FC82B10}"
EndProject
Project("{FAE04EC0-301F-11D3-BF4B-00C04F79EFBC}") = "Zargess.VHKPlayer.WebSocket", "Zargess.VHKPlayer.WebSocket\Zargess.VHKPlayer.WebSocket.csproj", "{43CCF786-86AA-4528-A176-DC14CFB45D6B}"
EndProject
Project("{FAE04EC0-301F-11D3-BF4B-00C04F79EFBC}") = "WpfApplication1", "WpfApplication1\WpfApplication1.csproj", "{37089B96-A921-40EB-8EE7-3BC9338BEDE0}"
EndProject
Project("{FAE04EC0-301F-11D3-BF4B-00C04F79EFBC}") = "Zargess.VHKPlayer.GUI", "Zargess.VHKPlayer.GUI\Zargess.VHKPlayer.GUI.csproj", "{03830EE5-50E3-49F7-8066-38712E98E068}"
EndProject
Project("{FAE04EC0-301F-11D3-BF4B-00C04F79EFBC}") = "Zargess.VHKPlayer.Players", "Zargess.VHKPlayer.Players\Zargess.VHKPlayer.Players.csproj", "{6C2CC60A-5411-4BCA-B7CA-58C353FACC5D}"
EndProject
Global
	GlobalSection(SolutionConfigurationPlatforms) = preSolution
		Debug|Any CPU = Debug|Any CPU
		Release|Any CPU = Release|Any CPU
	EndGlobalSection
	GlobalSection(ProjectConfigurationPlatforms) = postSolution
		{7BF50C4C-42A2-417B-B091-AC7FD0FA7ADD}.Debug|Any CPU.ActiveCfg = Debug|Any CPU
		{7BF50C4C-42A2-417B-B091-AC7FD0FA7ADD}.Debug|Any CPU.Build.0 = Debug|Any CPU
		{7BF50C4C-42A2-417B-B091-AC7FD0FA7ADD}.Release|Any CPU.ActiveCfg = Release|Any CPU
		{7BF50C4C-42A2-417B-B091-AC7FD0FA7ADD}.Release|Any CPU.Build.0 = Release|Any CPU
		{1862BF4F-C9AE-489C-AD9E-D3DC6FC82B10}.Debug|Any CPU.ActiveCfg = Debug|Any CPU
		{1862BF4F-C9AE-489C-AD9E-D3DC6FC82B10}.Debug|Any CPU.Build.0 = Debug|Any CPU
		{1862BF4F-C9AE-489C-AD9E-D3DC6FC82B10}.Release|Any CPU.ActiveCfg = Release|Any CPU
		{1862BF4F-C9AE-489C-AD9E-D3DC6FC82B10}.Release|Any CPU.Build.0 = Release|Any CPU
		{43CCF786-86AA-4528-A176-DC14CFB45D6B}.Debug|Any CPU.ActiveCfg = Debug|Any CPU
		{43CCF786-86AA-4528-A176-DC14CFB45D6B}.Debug|Any CPU.Build.0 = Debug|Any CPU
		{43CCF786-86AA-4528-A176-DC14CFB45D6B}.Release|Any CPU.ActiveCfg = Release|Any CPU
		{43CCF786-86AA-4528-A176-DC14CFB45D6B}.Release|Any CPU.Build.0 = Release|Any CPU
		{37089B96-A921-40EB-8EE7-3BC9338BEDE0}.Debug|Any CPU.ActiveCfg = Debug|Any CPU
		{37089B96-A921-40EB-8EE7-3BC9338BEDE0}.Debug|Any CPU.Build.0 = Debug|Any CPU
		{37089B96-A921-40EB-8EE7-3BC9338BEDE0}.Release|Any CPU.ActiveCfg = Release|Any CPU
		{37089B96-A921-40EB-8EE7-3BC9338BEDE0}.Release|Any CPU.Build.0 = Release|Any CPU
		{03830EE5-50E3-49F7-8066-38712E98E068}.Debug|Any CPU.ActiveCfg = Debug|Any CPU
		{03830EE5-50E3-49F7-8066-38712E98E068}.Debug|Any CPU.Build.0 = Debug|Any CPU
		{03830EE5-50E3-49F7-8066-38712E98E068}.Release|Any CPU.ActiveCfg = Release|Any CPU
		{03830EE5-50E3-49F7-8066-38712E98E068}.Release|Any CPU.Build.0 = Release|Any CPU
		{6C2CC60A-5411-4BCA-B7CA-58C353FACC5D}.Debug|Any CPU.ActiveCfg = Debug|Any CPU
		{6C2CC60A-5411-4BCA-B7CA-58C353FACC5D}.Debug|Any CPU.Build.0 = Debug|Any CPU
		{6C2CC60A-5411-4BCA-B7CA-58C353FACC5D}.Release|Any CPU.ActiveCfg = Release|Any CPU
		{6C2CC60A-5411-4BCA-B7CA-58C353FACC5D}.Release|Any CPU.Build.0 = Release|Any CPU
	EndGlobalSection
	GlobalSection(SolutionProperties) = preSolution
		HideSolutionNode = FALSE
	EndGlobalSection
EndGlobal
