
Microsoft Visual Studio Solution File, Format Version 12.00
# Visual Studio 2013
VisualStudioVersion = 12.0.30501.0
MinimumVisualStudioVersion = 10.0.40219.1
Project("{FAE04EC0-301F-11D3-BF4B-00C04F79EFBC}") = "Zargess.VHKPlayer.ConsoleView", "Zargess.VHKPlayer.ConsoleView\Zargess.VHKPlayer.ConsoleView.csproj", "{7BF50C4C-42A2-417B-B091-AC7FD0FA7ADD}"
EndProject
Project("{FAE04EC0-301F-11D3-BF4B-00C04F79EFBC}") = "Zargess.VHKPlayer.FileManagement", "Zargess.VHKPlayer.FileManagement\Zargess.VHKPlayer.FileManagement.csproj", "{1862BF4F-C9AE-489C-AD9E-D3DC6FC82B10}"
EndProject
Project("{FAE04EC0-301F-11D3-BF4B-00C04F79EFBC}") = "Zargess.VHKPlayer.Settings", "Zargess.VHKPlayer.Settings\Zargess.VHKPlayer.Settings.csproj", "{08A46B80-D8D4-44DF-BE65-F84E6F3E6DF8}"
EndProject
Project("{FAE04EC0-301F-11D3-BF4B-00C04F79EFBC}") = "Zargess.VHKPlayer.NotifycationManagement", "Zargess.VHKPlayer.NotifycationManagement\Zargess.VHKPlayer.NotifycationManagement.csproj", "{AB37ABD0-9D75-46B2-BB39-A4D015CA177F}"
EndProject
Global
	GlobalSection(SolutionConfigurationPlatforms) = preSolution
		Debug|Any CPU = Debug|Any CPU
		Release|Any CPU = Release|Any CPU
	EndGlobalSection
	GlobalSection(ProjectConfigurationPlatforms) = postSolution
		{7BF50C4C-42A2-417B-B091-AC7FD0FA7ADD}.Debug|Any CPU.ActiveCfg = Debug|Any CPU
		{7BF50C4C-42A2-417B-B091-AC7FD0FA7ADD}.Debug|Any CPU.Build.0 = Debug|Any CPU
		{7BF50C4C-42A2-417B-B091-AC7FD0FA7ADD}.Release|Any CPU.ActiveCfg = Release|Any CPU
		{7BF50C4C-42A2-417B-B091-AC7FD0FA7ADD}.Release|Any CPU.Build.0 = Release|Any CPU
		{1862BF4F-C9AE-489C-AD9E-D3DC6FC82B10}.Debug|Any CPU.ActiveCfg = Debug|Any CPU
		{1862BF4F-C9AE-489C-AD9E-D3DC6FC82B10}.Debug|Any CPU.Build.0 = Debug|Any CPU
		{1862BF4F-C9AE-489C-AD9E-D3DC6FC82B10}.Release|Any CPU.ActiveCfg = Release|Any CPU
		{1862BF4F-C9AE-489C-AD9E-D3DC6FC82B10}.Release|Any CPU.Build.0 = Release|Any CPU
		{08A46B80-D8D4-44DF-BE65-F84E6F3E6DF8}.Debug|Any CPU.ActiveCfg = Debug|Any CPU
		{08A46B80-D8D4-44DF-BE65-F84E6F3E6DF8}.Debug|Any CPU.Build.0 = Debug|Any CPU
		{08A46B80-D8D4-44DF-BE65-F84E6F3E6DF8}.Release|Any CPU.ActiveCfg = Release|Any CPU
		{08A46B80-D8D4-44DF-BE65-F84E6F3E6DF8}.Release|Any CPU.Build.0 = Release|Any CPU
		{AB37ABD0-9D75-46B2-BB39-A4D015CA177F}.Debug|Any CPU.ActiveCfg = Debug|Any CPU
		{AB37ABD0-9D75-46B2-BB39-A4D015CA177F}.Debug|Any CPU.Build.0 = Debug|Any CPU
		{AB37ABD0-9D75-46B2-BB39-A4D015CA177F}.Release|Any CPU.ActiveCfg = Release|Any CPU
		{AB37ABD0-9D75-46B2-BB39-A4D015CA177F}.Release|Any CPU.Build.0 = Release|Any CPU
	EndGlobalSection
	GlobalSection(SolutionProperties) = preSolution
		HideSolutionNode = FALSE
	EndGlobalSection
EndGlobal
